
Microsoft Visual Studio Solution File, Format Version 12.00
# Visual Studio 15
VisualStudioVersion = 15.0.28010.2026
MinimumVisualStudioVersion = 10.0.40219.1
Project("{FAE04EC0-301F-11D3-BF4B-00C04F79EFBC}") = "SlackStatusUpdater", "SlackStatusUpdater\SlackStatusUpdater.csproj", "{E34F653B-58AE-4575-9440-1C21CB129B8D}"
EndProject
Project("{2150E333-8FDC-42A3-9474-1A3956D46DE8}") = "Solution Items", "Solution Items", "{8096D5EF-CFCD-4BD2-A1B8-0FD86F0FC903}"
	ProjectSection(SolutionItems) = preProject
		..\3RD-PARTY-LICENSES.md = ..\3RD-PARTY-LICENSES.md
		..\LICENSE.md = ..\LICENSE.md
		..\README.md = ..\README.md
	EndProjectSection
EndProject
Project("{2150E333-8FDC-42A3-9474-1A3956D46DE8}") = "Installer", "Installer", "{88EB98CB-8F90-4B85-A3C9-FEC92A0FEC5A}"
	ProjectSection(SolutionItems) = preProject
		InstallerScript.iss = InstallerScript.iss
	EndProjectSection
EndProject
Global
	GlobalSection(SolutionConfigurationPlatforms) = preSolution
		Debug|Any CPU = Debug|Any CPU
		Release|Any CPU = Release|Any CPU
	EndGlobalSection
	GlobalSection(ProjectConfigurationPlatforms) = postSolution
		{E34F653B-58AE-4575-9440-1C21CB129B8D}.Debug|Any CPU.ActiveCfg = Debug|Any CPU
		{E34F653B-58AE-4575-9440-1C21CB129B8D}.Debug|Any CPU.Build.0 = Debug|Any CPU
		{E34F653B-58AE-4575-9440-1C21CB129B8D}.Release|Any CPU.ActiveCfg = Release|Any CPU
		{E34F653B-58AE-4575-9440-1C21CB129B8D}.Release|Any CPU.Build.0 = Release|Any CPU
	EndGlobalSection
	GlobalSection(SolutionProperties) = preSolution
		HideSolutionNode = FALSE
	EndGlobalSection
	GlobalSection(NestedProjects) = preSolution
		{88EB98CB-8F90-4B85-A3C9-FEC92A0FEC5A} = {8096D5EF-CFCD-4BD2-A1B8-0FD86F0FC903}
	EndGlobalSection
	GlobalSection(ExtensibilityGlobals) = postSolution
		SolutionGuid = {180C94D7-381C-4E99-8B54-89271B200D6C}
	EndGlobalSection
EndGlobal
